// !$*UTF8*$!
{
	archiveVersion = 1;
	classes = {
	};
	objectVersion = 46;
	objects = {

/* Begin PBXBuildFile section */
		01783D531A8CC427005BF1AB /* main.m in Sources */ = {isa = PBXBuildFile; fileRef = 01783D521A8CC427005BF1AB /* main.m */; };
		01783D561A8CC427005BF1AB /* AppDelegate.m in Sources */ = {isa = PBXBuildFile; fileRef = 01783D551A8CC427005BF1AB /* AppDelegate.m */; };
		01783D591A8CC427005BF1AB /* ViewController.m in Sources */ = {isa = PBXBuildFile; fileRef = 01783D581A8CC427005BF1AB /* ViewController.m */; };
		01783D5C1A8CC427005BF1AB /* Main.storyboard in Resources */ = {isa = PBXBuildFile; fileRef = 01783D5A1A8CC427005BF1AB /* Main.storyboard */; };
		01783D5E1A8CC427005BF1AB /* Images.xcassets in Resources */ = {isa = PBXBuildFile; fileRef = 01783D5D1A8CC427005BF1AB /* Images.xcassets */; };
		01783D611A8CC427005BF1AB /* LaunchScreen.xib in Resources */ = {isa = PBXBuildFile; fileRef = 01783D5F1A8CC427005BF1AB /* LaunchScreen.xib */; };
		01783D6D1A8CC427005BF1AB /* gitTestGithubTests.m in Sources */ = {isa = PBXBuildFile; fileRef = 01783D6C1A8CC427005BF1AB /* gitTestGithubTests.m */; };
/* End PBXBuildFile section */

/* Begin PBXContainerItemProxy section */
		01783D671A8CC427005BF1AB /* PBXContainerItemProxy */ = {
			isa = PBXContainerItemProxy;
			containerPortal = 01783D451A8CC426005BF1AB /* Project object */;
			proxyType = 1;
			remoteGlobalIDString = 01783D4C1A8CC426005BF1AB;
			remoteInfo = gitTestGithub;
		};
/* End PBXContainerItemProxy section */

/* Begin PBXFileReference section */
		01783D4D1A8CC426005BF1AB /* gitTestGithub.app */ = {isa = PBXFileReference; explicitFileType = wrapper.application; includeInIndex = 0; path = gitTestGithub.app; sourceTree = BUILT_PRODUCTS_DIR; };
		01783D511A8CC427005BF1AB /* Info.plist */ = {isa = PBXFileReference; lastKnownFileType = text.plist.xml; path = Info.plist; sourceTree = "<group>"; };
		01783D521A8CC427005BF1AB /* main.m */ = {isa = PBXFileReference; lastKnownFileType = sourcecode.c.objc; path = main.m; sourceTree = "<group>"; };
		01783D541A8CC427005BF1AB /* AppDelegate.h */ = {isa = PBXFileReference; lastKnownFileType = sourcecode.c.h; path = AppDelegate.h; sourceTree = "<group>"; };
		01783D551A8CC427005BF1AB /* AppDelegate.m */ = {isa = PBXFileReference; lastKnownFileType = sourcecode.c.objc; path = AppDelegate.m; sourceTree = "<group>"; };
		01783D571A8CC427005BF1AB /* ViewController.h */ = {isa = PBXFileReference; lastKnownFileType = sourcecode.c.h; path = ViewController.h; sourceTree = "<group>"; };
		01783D581A8CC427005BF1AB /* ViewController.m */ = {isa = PBXFileReference; lastKnownFileType = sourcecode.c.objc; path = ViewController.m; sourceTree = "<group>"; };
		01783D5B1A8CC427005BF1AB /* Base */ = {isa = PBXFileReference; lastKnownFileType = file.storyboard; name = Base; path = Base.lproj/Main.storyboard; sourceTree = "<group>"; };
		01783D5D1A8CC427005BF1AB /* Images.xcassets */ = {isa = PBXFileReference; lastKnownFileType = folder.assetcatalog; path = Images.xcassets; sourceTree = "<group>"; };
		01783D601A8CC427005BF1AB /* Base */ = {isa = PBXFileReference; lastKnownFileType = file.xib; name = Base; path = Base.lproj/LaunchScreen.xib; sourceTree = "<group>"; };
		01783D661A8CC427005BF1AB /* gitTestGithubTests.xctest */ = {isa = PBXFileReference; explicitFileType = wrapper.cfbundle; includeInIndex = 0; path = gitTestGithubTests.xctest; sourceTree = BUILT_PRODUCTS_DIR; };
		01783D6B1A8CC427005BF1AB /* Info.plist */ = {isa = PBXFileReference; lastKnownFileType = text.plist.xml; path = Info.plist; sourceTree = "<group>"; };
		01783D6C1A8CC427005BF1AB /* gitTestGithubTests.m */ = {isa = PBXFileReference; lastKnownFileType = sourcecode.c.objc; path = gitTestGithubTests.m; sourceTree = "<group>"; };
/* End PBXFileReference section */

/* Begin PBXFrameworksBuildPhase section */
		01783D4A1A8CC426005BF1AB /* Frameworks */ = {
			isa = PBXFrameworksBuildPhase;
			buildActionMask = 2147483647;
			files = (
			);
			runOnlyForDeploymentPostprocessing = 0;
		};
		01783D631A8CC427005BF1AB /* Frameworks */ = {
			isa = PBXFrameworksBuildPhase;
			buildActionMask = 2147483647;
			files = (
			);
			runOnlyForDeploymentPostprocessing = 0;
		};
/* End PBXFrameworksBuildPhase section */

/* Begin PBXGroup section */
		01783D441A8CC426005BF1AB = {
			isa = PBXGroup;
			children = (
				01783D4F1A8CC426005BF1AB /* gitTestGithub */,
				01783D691A8CC427005BF1AB /* gitTestGithubTests */,
				01783D4E1A8CC426005BF1AB /* Products */,
			);
			sourceTree = "<group>";
		};
		01783D4E1A8CC426005BF1AB /* Products */ = {
			isa = PBXGroup;
			children = (
				01783D4D1A8CC426005BF1AB /* gitTestGithub.app */,
				01783D661A8CC427005BF1AB /* gitTestGithubTests.xctest */,
			);
			name = Products;
			sourceTree = "<group>";
		};
		01783D4F1A8CC426005BF1AB /* gitTestGithub */ = {
			isa = PBXGroup;
			children = (
				01783D541A8CC427005BF1AB /* AppDelegate.h */,
				01783D551A8CC427005BF1AB /* AppDelegate.m */,
				01783D571A8CC427005BF1AB /* ViewController.h */,
				01783D581A8CC427005BF1AB /* ViewController.m */,
				01783D5A1A8CC427005BF1AB /* Main.storyboard */,
				01783D5D1A8CC427005BF1AB /* Images.xcassets */,
				01783D5F1A8CC427005BF1AB /* LaunchScreen.xib */,
				01783D501A8CC426005BF1AB /* Supporting Files */,
			);
			path = gitTestGithub;
			sourceTree = "<group>";
		};
		01783D501A8CC426005BF1AB /* Supporting Files */ = {
			isa = PBXGroup;
			children = (
				01783D511A8CC427005BF1AB /* Info.plist */,
				01783D521A8CC427005BF1AB /* main.m */,
			);
			name = "Supporting Files";
			sourceTree = "<group>";
		};
		01783D691A8CC427005BF1AB /* gitTestGithubTests */ = {
			isa = PBXGroup;
			children = (
				01783D6C1A8CC427005BF1AB /* gitTestGithubTests.m */,
				01783D6A1A8CC427005BF1AB /* Supporting Files */,
			);
			path = gitTestGithubTests;
			sourceTree = "<group>";
		};
		01783D6A1A8CC427005BF1AB /* Supporting Files */ = {
			isa = PBXGroup;
			children = (
				01783D6B1A8CC427005BF1AB /* Info.plist */,
			);
			name = "Supporting Files";
			sourceTree = "<group>";
		};
/* End PBXGroup section */

/* Begin PBXNativeTarget section */
		01783D4C1A8CC426005BF1AB /* gitTestGithub */ = {
			isa = PBXNativeTarget;
			buildConfigurationList = 01783D701A8CC427005BF1AB /* Build configuration list for PBXNativeTarget "gitTestGithub" */;
			buildPhases = (
				01783D491A8CC426005BF1AB /* Sources */,
				01783D4A1A8CC426005BF1AB /* Frameworks */,
				01783D4B1A8CC426005BF1AB /* Resources */,
			);
			buildRules = (
			);
			dependencies = (
			);
			name = gitTestGithub;
			productName = gitTestGithub;
			productReference = 01783D4D1A8CC426005BF1AB /* gitTestGithub.app */;
			productType = "com.apple.product-type.application";
		};
		01783D651A8CC427005BF1AB /* gitTestGithubTests */ = {
			isa = PBXNativeTarget;
			buildConfigurationList = 01783D731A8CC427005BF1AB /* Build configuration list for PBXNativeTarget "gitTestGithubTests" */;
			buildPhases = (
				01783D621A8CC427005BF1AB /* Sources */,
				01783D631A8CC427005BF1AB /* Frameworks */,
				01783D641A8CC427005BF1AB /* Resources */,
			);
			buildRules = (
			);
			dependencies = (
				01783D681A8CC427005BF1AB /* PBXTargetDependency */,
			);
			name = gitTestGithubTests;
			productName = gitTestGithubTests;
			productReference = 01783D661A8CC427005BF1AB /* gitTestGithubTests.xctest */;
			productType = "com.apple.product-type.bundle.unit-test";
		};
/* End PBXNativeTarget section */

/* Begin PBXProject section */
		01783D451A8CC426005BF1AB /* Project object */ = {
			isa = PBXProject;
			attributes = {
				LastUpgradeCheck = 0610;
				ORGANIZATIONNAME = "Napco Security Technologies, Inc.";
				TargetAttributes = {
					01783D4C1A8CC426005BF1AB = {
						CreatedOnToolsVersion = 6.1.1;
					};
					01783D651A8CC427005BF1AB = {
						CreatedOnToolsVersion = 6.1.1;
						TestTargetID = 01783D4C1A8CC426005BF1AB;
					};
				};
			};
			buildConfigurationList = 01783D481A8CC426005BF1AB /* Build configuration list for PBXProject "gitTestGithub" */;
			compatibilityVersion = "Xcode 3.2";
			developmentRegion = English;
			hasScannedForEncodings = 0;
			knownRegions = (
				en,
				Base,
			);
			mainGroup = 01783D441A8CC426005BF1AB;
			productRefGroup = 01783D4E1A8CC426005BF1AB /* Products */;
			projectDirPath = "";
			projectRoot = "";
			targets = (
				01783D4C1A8CC426005BF1AB /* gitTestGithub */,
				01783D651A8CC427005BF1AB /* gitTestGithubTests */,
			);
		};
/* End PBXProject section */

/* Begin PBXResourcesBuildPhase section */
		01783D4B1A8CC426005BF1AB /* Resources */ = {
			isa = PBXResourcesBuildPhase;
			buildActionMask = 2147483647;
			files = (
				01783D5C1A8CC427005BF1AB /* Main.storyboard in Resources */,
				01783D611A8CC427005BF1AB /* LaunchScreen.xib in Resources */,
				01783D5E1A8CC427005BF1AB /* Images.xcassets in Resources */,
			);
			runOnlyForDeploymentPostprocessing = 0;
		};
		01783D641A8CC427005BF1AB /* Resources */ = {
			isa = PBXResourcesBuildPhase;
			buildActionMask = 2147483647;
			files = (
			);
			runOnlyForDeploymentPostprocessing = 0;
		};
/* End PBXResourcesBuildPhase section */

/* Begin PBXSourcesBuildPhase section */
		01783D491A8CC426005BF1AB /* Sources */ = {
			isa = PBXSourcesBuildPhase;
			buildActionMask = 2147483647;
			files = (
				01783D591A8CC427005BF1AB /* ViewController.m in Sources */,
				01783D561A8CC427005BF1AB /* AppDelegate.m in Sources */,
				01783D531A8CC427005BF1AB /* main.m in Sources */,
			);
			runOnlyForDeploymentPostprocessing = 0;
		};
		01783D621A8CC427005BF1AB /* Sources */ = {
			isa = PBXSourcesBuildPhase;
			buildActionMask = 2147483647;
			files = (
				01783D6D1A8CC427005BF1AB /* gitTestGithubTests.m in Sources */,
			);
			runOnlyForDeploymentPostprocessing = 0;
		};
/* End PBXSourcesBuildPhase section */

/* Begin PBXTargetDependency section */
		01783D681A8CC427005BF1AB /* PBXTargetDependency */ = {
			isa = PBXTargetDependency;
			target = 01783D4C1A8CC426005BF1AB /* gitTestGithub */;
			targetProxy = 01783D671A8CC427005BF1AB /* PBXContainerItemProxy */;
		};
/* End PBXTargetDependency section */

/* Begin PBXVariantGroup section */
		01783D5A1A8CC427005BF1AB /* Main.storyboard */ = {
			isa = PBXVariantGroup;
			children = (
				01783D5B1A8CC427005BF1AB /* Base */,
			);
			name = Main.storyboard;
			sourceTree = "<group>";
		};
		01783D5F1A8CC427005BF1AB /* LaunchScreen.xib */ = {
			isa = PBXVariantGroup;
			children = (
				01783D601A8CC427005BF1AB /* Base */,
			);
			name = LaunchScreen.xib;
			sourceTree = "<group>";
		};
/* End PBXVariantGroup section */

/* Begin XCBuildConfiguration section */
		01783D6E1A8CC427005BF1AB /* Debug */ = {
			isa = XCBuildConfiguration;
			buildSettings = {
				ALWAYS_SEARCH_USER_PATHS = NO;
				CLANG_CXX_LANGUAGE_STANDARD = "gnu++0x";
				CLANG_CXX_LIBRARY = "libc++";
				CLANG_ENABLE_MODULES = YES;
				CLANG_ENABLE_OBJC_ARC = YES;
				CLANG_WARN_BOOL_CONVERSION = YES;
				CLANG_WARN_CONSTANT_CONVERSION = YES;
				CLANG_WARN_DIRECT_OBJC_ISA_USAGE = YES_ERROR;
				CLANG_WARN_EMPTY_BODY = YES;
				CLANG_WARN_ENUM_CONVERSION = YES;
				CLANG_WARN_INT_CONVERSION = YES;
				CLANG_WARN_OBJC_ROOT_CLASS = YES_ERROR;
				CLANG_WARN_UNREACHABLE_CODE = YES;
				CLANG_WARN__DUPLICATE_METHOD_MATCH = YES;
				"CODE_SIGN_IDENTITY[sdk=iphoneos*]" = "iPhone Developer";
				COPY_PHASE_STRIP = NO;
				ENABLE_STRICT_OBJC_MSGSEND = YES;
				GCC_C_LANGUAGE_STANDARD = gnu99;
				GCC_DYNAMIC_NO_PIC = NO;
				GCC_OPTIMIZATION_LEVEL = 0;
				GCC_PREPROCESSOR_DEFINITIONS = (
					"DEBUG=1",
					"$(inherited)",
				);
				GCC_SYMBOLS_PRIVATE_EXTERN = NO;
				GCC_WARN_64_TO_32_BIT_CONVERSION = YES;
				GCC_WARN_ABOUT_RETURN_TYPE = YES_ERROR;
				GCC_WARN_UNDECLARED_SELECTOR = YES;
				GCC_WARN_UNINITIALIZED_AUTOS = YES_AGGRESSIVE;
				GCC_WARN_UNUSED_FUNCTION = YES;
				GCC_WARN_UNUSED_VARIABLE = YES;
				IPHONEOS_DEPLOYMENT_TARGET = 8.1;
				MTL_ENABLE_DEBUG_INFO = YES;
				ONLY_ACTIVE_ARCH = YES;
				SDKROOT = iphoneos;
				TARGETED_DEVICE_FAMILY = "1,2";
			};
			name = Debug;
		};
		01783D6F1A8CC427005BF1AB /* Release */ = {
			isa = XCBuildConfiguration;
			buildSettings = {
				ALWAYS_SEARCH_USER_PATHS = NO;
				CLANG_CXX_LANGUAGE_STANDARD = "gnu++0x";
				CLANG_CXX_LIBRARY = "libc++";
				CLANG_ENABLE_MODULES = YES;
				CLANG_ENABLE_OBJC_ARC = YES;
				CLANG_WARN_BOOL_CONVERSION = YES;
				CLANG_WARN_CONSTANT_CONVERSION = YES;
				CLANG_WARN_DIRECT_OBJC_ISA_USAGE = YES_ERROR;
				CLANG_WARN_EMPTY_BODY = YES;
				CLANG_WARN_ENUM_CONVERSION = YES;
				CLANG_WARN_INT_CONVERSION = YES;
				CLANG_WARN_OBJC_ROOT_CLASS = YES_ERROR;
				CLANG_WARN_UNREACHABLE_CODE = YES;
				CLANG_WARN__DUPLICATE_METHOD_MATCH = YES;
				"CODE_SIGN_IDENTITY[sdk=iphoneos*]" = "iPhone Developer";
				COPY_PHASE_STRIP = YES;
				ENABLE_NS_ASSERTIONS = NO;
				ENABLE_STRICT_OBJC_MSGSEND = YES;
				GCC_C_LANGUAGE_STANDARD = gnu99;
				GCC_WARN_64_TO_32_BIT_CONVERSION = YES;
				GCC_WARN_ABOUT_RETURN_TYPE = YES_ERROR;
				GCC_WARN_UNDECLARED_SELECTOR = YES;
				GCC_WARN_UNINITIALIZED_AUTOS = YES_AGGRESSIVE;
				GCC_WARN_UNUSED_FUNCTION = YES;
				GCC_WARN_UNUSED_VARIABLE = YES;
				IPHONEOS_DEPLOYMENT_TARGET = 8.1;
				MTL_ENABLE_DEBUG_INFO = NO;
				SDKROOT = iphoneos;
				TARGETED_DEVICE_FAMILY = "1,2";
				VALIDATE_PRODUCT = YES;
			};
			name = Release;
		};
		01783D711A8CC427005BF1AB /* Debug */ = {
			isa = XCBuildConfiguration;
			buildSettings = {
				ASSETCATALOG_COMPILER_APPICON_NAME = AppIcon;
				INFOPLIST_FILE = gitTestGithub/Info.plist;
				LD_RUNPATH_SEARCH_PATHS = "$(inherited) @executable_path/Frameworks";
				PRODUCT_NAME = "$(TARGET_NAME)";
			};
			name = Debug;
		};
		01783D721A8CC427005BF1AB /* Release */ = {
			isa = XCBuildConfiguration;
			buildSettings = {
				ASSETCATALOG_COMPILER_APPICON_NAME = AppIcon;
				INFOPLIST_FILE = gitTestGithub/Info.plist;
				LD_RUNPATH_SEARCH_PATHS = "$(inherited) @executable_path/Frameworks";
				PRODUCT_NAME = "$(TARGET_NAME)";
			};
			name = Release;
		};
		01783D741A8CC427005BF1AB /* Debug */ = {
			isa = XCBuildConfiguration;
			buildSettings = {
				BUNDLE_LOADER = "$(TEST_HOST)";
				FRAMEWORK_SEARCH_PATHS = (
					"$(SDKROOT)/Developer/Library/Frameworks",
					"$(inherited)",
				);
				GCC_PREPROCESSOR_DEFINITIONS = (
					"DEBUG=1",
					"$(inherited)",
				);
				INFOPLIST_FILE = gitTestGithubTests/Info.plist;
				LD_RUNPATH_SEARCH_PATHS = "$(inherited) @executable_path/Frameworks @loader_path/Frameworks";
				PRODUCT_NAME = "$(TARGET_NAME)";
				TEST_HOST = "$(BUILT_PRODUCTS_DIR)/gitTestGithub.app/gitTestGithub";
			};
			name = Debug;
		};
		01783D751A8CC427005BF1AB /* Release */ = {
			isa = XCBuildConfiguration;
			buildSettings = {
				BUNDLE_LOADER = "$(TEST_HOST)";
				FRAMEWORK_SEARCH_PATHS = (
					"$(SDKROOT)/Developer/Library/Frameworks",
					"$(inherited)",
				);
				INFOPLIST_FILE = gitTestGithubTests/Info.plist;
				LD_RUNPATH_SEARCH_PATHS = "$(inherited) @executable_path/Frameworks @loader_path/Frameworks";
				PRODUCT_NAME = "$(TARGET_NAME)";
				TEST_HOST = "$(BUILT_PRODUCTS_DIR)/gitTestGithub.app/gitTestGithub";
			};
			name = Release;
		};
/* End XCBuildConfiguration section */

/* Begin XCConfigurationList section */
		01783D481A8CC426005BF1AB /* Build configuration list for PBXProject "gitTestGithub" */ = {
			isa = XCConfigurationList;
			buildConfigurations = (
				01783D6E1A8CC427005BF1AB /* Debug */,
				01783D6F1A8CC427005BF1AB /* Release */,
			);
			defaultConfigurationIsVisible = 0;
			defaultConfigurationName = Release;
		};
		01783D701A8CC427005BF1AB /* Build configuration list for PBXNativeTarget "gitTestGithub" */ = {
			isa = XCConfigurationList;
			buildConfigurations = (
				01783D711A8CC427005BF1AB /* Debug */,
				01783D721A8CC427005BF1AB /* Release */,
			);
			defaultConfigurationIsVisible = 0;
		};
		01783D731A8CC427005BF1AB /* Build configuration list for PBXNativeTarget "gitTestGithubTests" */ = {
			isa = XCConfigurationList;
			buildConfigurations = (
				01783D741A8CC427005BF1AB /* Debug */,
				01783D751A8CC427005BF1AB /* Release */,
			);
			defaultConfigurationIsVisible = 0;
		};
/* End XCConfigurationList section */
	};
	rootObject = 01783D451A8CC426005BF1AB /* Project object */;
}
